
Microsoft Visual Studio Solution File, Format Version 12.00
# Visual Studio Version 16
VisualStudioVersion = 16.0.30523.141
MinimumVisualStudioVersion = 10.0.40219.1
Project("{9A19103F-16F7-4668-BE54-9A1E7A4F7556}") = "ProcessMnistData", "ProcessMnistData\ProcessMnistData.csproj", "{F33ED8B5-978F-4703-AE2A-45306F0C2556}"
EndProject
Project("{2150E333-8FDC-42A3-9474-1A3956D46DE8}") = "Solution Items", "Solution Items", "{C0F1B16D-5E90-45FC-8464-9B266349BE74}"
	ProjectSection(SolutionItems) = preProject
		..\.gitignore = ..\.gitignore
		..\LICENSE.txt = ..\LICENSE.txt
		..\README.md = ..\README.md
	EndProjectSection
EndProject
Project("{8BC9CEB8-8B4A-11D0-8D11-00A0C91BC942}") = "mnist", "mnist.vcxproj", "{63EDB3AC-20C9-4FC8-9DE3-BCAAC162A9B1}"
EndProject
Global
	GlobalSection(SolutionConfigurationPlatforms) = preSolution
		Debug|x64 = Debug|x64
		Release|x64 = Release|x64
	EndGlobalSection
	GlobalSection(ProjectConfigurationPlatforms) = postSolution
		{F33ED8B5-978F-4703-AE2A-45306F0C2556}.Debug|x64.ActiveCfg = Debug|Any CPU
		{F33ED8B5-978F-4703-AE2A-45306F0C2556}.Debug|x64.Build.0 = Debug|Any CPU
		{F33ED8B5-978F-4703-AE2A-45306F0C2556}.Release|x64.ActiveCfg = Release|Any CPU
		{F33ED8B5-978F-4703-AE2A-45306F0C2556}.Release|x64.Build.0 = Release|Any CPU
		{63EDB3AC-20C9-4FC8-9DE3-BCAAC162A9B1}.Debug|x64.ActiveCfg = Debug|x64
		{63EDB3AC-20C9-4FC8-9DE3-BCAAC162A9B1}.Debug|x64.Build.0 = Debug|x64
		{63EDB3AC-20C9-4FC8-9DE3-BCAAC162A9B1}.Release|x64.ActiveCfg = Release|x64
		{63EDB3AC-20C9-4FC8-9DE3-BCAAC162A9B1}.Release|x64.Build.0 = Release|x64
	EndGlobalSection
	GlobalSection(SolutionProperties) = preSolution
		HideSolutionNode = FALSE
	EndGlobalSection
	GlobalSection(ExtensibilityGlobals) = postSolution
		SolutionGuid = {8BA464F6-7B7F-4080-93BD-03D2924413FE}
	EndGlobalSection
EndGlobal
