<?xml version="1.0" encoding="utf-8"?>
<Project ToolsVersion="4.0" xmlns="http://schemas.microsoft.com/developer/msbuild/2003">
  <ItemGroup>
    <Filter Include="Source Files">
      <UniqueIdentifier>{4FC737F1-C7A5-4376-A066-2A32D752A2FF}</UniqueIdentifier>
      <Extensions>cpp;c;cc;cxx;c++;cppm;ixx;def;odl;idl;hpj;bat;asm;asmx</Extensions>
    </Filter>
    <Filter Include="Header Files">
      <UniqueIdentifier>{93995380-89BD-4b04-88EB-625FBE52EBFB}</UniqueIdentifier>
      <Extensions>h;hh;hpp;hxx;h++;hm;inl;inc;ipp;xsd</Extensions>
    </Filter>
    <Filter Include="Resource Files">
      <UniqueIdentifier>{67DA6AB6-F800-4c08-8B7A-83BB121AAD01}</UniqueIdentifier>
      <Extensions>rc;ico;cur;bmp;dlg;rc2;rct;bin;rgs;gif;jpg;jpeg;jpe;resx;tiff;tif;png;wav;mfcribbon-ms</Extensions>
    </Filter>
    <Filter Include="libaln">
      <UniqueIdentifier>{6b5b34b3-8e68-43ce-b019-e278161f6cff}</UniqueIdentifier>
    </Filter>
  </ItemGroup>
  <ItemGroup>
    <ClCompile Include="mnist.cpp">
      <Filter>Source Files</Filter>
    </ClCompile>
  </ItemGroup>
  <ItemGroup>
    <ClInclude Include="utils.h">
      <Filter>Header Files</Filter>
    </ClInclude>
    <ClInclude Include="mnist.h">
      <Filter>Header Files</Filter>
    </ClInclude>
    <ClInclude Include="libaln\Adapt.h">
      <Filter>libaln</Filter>
    </ClInclude>
    <ClInclude Include="libaln\aln.h">
      <Filter>libaln</Filter>
    </ClInclude>
    <ClInclude Include="libaln\DataSet.h">
      <Filter>libaln</Filter>
    </ClInclude>
    <ClInclude Include="libaln\DimensionalConstraint.h">
      <Filter>libaln</Filter>
    </ClInclude>
    <ClInclude Include="libaln\Evaluate.h">
      <Filter>libaln</Filter>
    </ClInclude>
    <ClInclude Include="libaln\EvaluationResult.h">
      <Filter>libaln</Filter>
    </ClInclude>
    <ClInclude Include="libaln\EvaluationRoute.h">
      <Filter>libaln</Filter>
    </ClInclude>
    <ClInclude Include="libaln\FixedVector.h">
      <Filter>libaln</Filter>
    </ClInclude>
    <ClInclude Include="libaln\Helpers.h">
      <Filter>libaln</Filter>
    </ClInclude>
    <ClInclude Include="libaln\Iterators.h">
      <Filter>libaln</Filter>
    </ClInclude>
    <ClInclude Include="libaln\Json.h">
      <Filter>libaln</Filter>
    </ClInclude>
    <ClInclude Include="libaln\LinearUnit.h">
      <Filter>libaln</Filter>
    </ClInclude>
    <ClInclude Include="libaln\MinMaxNode.h">
      <Filter>libaln</Filter>
    </ClInclude>
    <ClInclude Include="libaln\Network.h">
      <Filter>libaln</Filter>
    </ClInclude>
    <ClInclude Include="libaln\NodeIndex.h">
      <Filter>libaln</Filter>
    </ClInclude>
    <ClInclude Include="libaln\Split.h">
      <Filter>libaln</Filter>
    </ClInclude>
    <ClInclude Include="libaln\Train.h">
      <Filter>libaln</Filter>
    </ClInclude>
  </ItemGroup>
  <ItemGroup>
    <None Include="packages.config" />
  </ItemGroup>
</Project>